
Microsoft Visual Studio Solution File, Format Version 12.00
# Visual Studio Version 16
VisualStudioVersion = 16.0.31729.503
MinimumVisualStudioVersion = 10.0.40219.1
Project("{9A19103F-16F7-4668-BE54-9A1E7A4F7556}") = "AreaHelper.Entities", "AreaHelper.Entities\AreaHelper.Entities.csproj", "{AF59C449-473F-4CFE-828B-E5DC96F884A8}"
EndProject
Project("{9A19103F-16F7-4668-BE54-9A1E7A4F7556}") = "AreaFinder.DataAccess", "AreaFinder\AreaFinder.DataAccess.csproj", "{38CC3CFC-B89F-47EF-A4D2-CEEB58520AE2}"
EndProject
Project("{9A19103F-16F7-4668-BE54-9A1E7A4F7556}") = "AreaFinder.Business", "AreaFinder.Business\AreaFinder.Business.csproj", "{2B6EEB55-0D08-4AD7-9E1E-29E9F7755475}"
EndProject
Project("{9A19103F-16F7-4668-BE54-9A1E7A4F7556}") = "AreaFinder.API", "AreaFinder.API\AreaFinder.API.csproj", "{E1E55C54-8936-49B7-88D6-EC5236971463}"
EndProject
Project("{FAE04EC0-301F-11D3-BF4B-00C04F79EFBC}") = "AreaFinder.WEB", "AreaFinder.WEB\AreaFinder.WEB.csproj", "{C230FA21-A22B-4A25-92C5-392C3B500A6B}"
EndProject
Global
	GlobalSection(SolutionConfigurationPlatforms) = preSolution
		Debug|Any CPU = Debug|Any CPU
		Release|Any CPU = Release|Any CPU
	EndGlobalSection
	GlobalSection(ProjectConfigurationPlatforms) = postSolution
		{AF59C449-473F-4CFE-828B-E5DC96F884A8}.Debug|Any CPU.ActiveCfg = Debug|Any CPU
		{AF59C449-473F-4CFE-828B-E5DC96F884A8}.Debug|Any CPU.Build.0 = Debug|Any CPU
		{AF59C449-473F-4CFE-828B-E5DC96F884A8}.Release|Any CPU.ActiveCfg = Release|Any CPU
		{AF59C449-473F-4CFE-828B-E5DC96F884A8}.Release|Any CPU.Build.0 = Release|Any CPU
		{38CC3CFC-B89F-47EF-A4D2-CEEB58520AE2}.Debug|Any CPU.ActiveCfg = Debug|Any CPU
		{38CC3CFC-B89F-47EF-A4D2-CEEB58520AE2}.Debug|Any CPU.Build.0 = Debug|Any CPU
		{38CC3CFC-B89F-47EF-A4D2-CEEB58520AE2}.Release|Any CPU.ActiveCfg = Release|Any CPU
		{38CC3CFC-B89F-47EF-A4D2-CEEB58520AE2}.Release|Any CPU.Build.0 = Release|Any CPU
		{2B6EEB55-0D08-4AD7-9E1E-29E9F7755475}.Debug|Any CPU.ActiveCfg = Debug|Any CPU
		{2B6EEB55-0D08-4AD7-9E1E-29E9F7755475}.Debug|Any CPU.Build.0 = Debug|Any CPU
		{2B6EEB55-0D08-4AD7-9E1E-29E9F7755475}.Release|Any CPU.ActiveCfg = Release|Any CPU
		{2B6EEB55-0D08-4AD7-9E1E-29E9F7755475}.Release|Any CPU.Build.0 = Release|Any CPU
		{E1E55C54-8936-49B7-88D6-EC5236971463}.Debug|Any CPU.ActiveCfg = Debug|Any CPU
		{E1E55C54-8936-49B7-88D6-EC5236971463}.Debug|Any CPU.Build.0 = Debug|Any CPU
		{E1E55C54-8936-49B7-88D6-EC5236971463}.Release|Any CPU.ActiveCfg = Release|Any CPU
		{E1E55C54-8936-49B7-88D6-EC5236971463}.Release|Any CPU.Build.0 = Release|Any CPU
		{C230FA21-A22B-4A25-92C5-392C3B500A6B}.Debug|Any CPU.ActiveCfg = Debug|Any CPU
		{C230FA21-A22B-4A25-92C5-392C3B500A6B}.Debug|Any CPU.Build.0 = Debug|Any CPU
		{C230FA21-A22B-4A25-92C5-392C3B500A6B}.Release|Any CPU.ActiveCfg = Release|Any CPU
		{C230FA21-A22B-4A25-92C5-392C3B500A6B}.Release|Any CPU.Build.0 = Release|Any CPU
	EndGlobalSection
	GlobalSection(SolutionProperties) = preSolution
		HideSolutionNode = FALSE
	EndGlobalSection
	GlobalSection(ExtensibilityGlobals) = postSolution
		SolutionGuid = {F499C318-D9F5-4FDB-81A6-337E6270F644}
	EndGlobalSection
EndGlobal
